
Microsoft Visual Studio Solution File, Format Version 12.00
Project("{2150E333-8FDC-42A3-9474-1A3956D46DE8}") = "Lesson_1", "Lesson_1", "{4CB23DF2-CBB8-40B6-87EA-57899D2376D6}"
EndProject
Project("{FAE04EC0-301F-11D3-BF4B-00C04F79EFBC}") = "Lesson_1_1", "Lesson_1_1\Lesson_1_1.csproj", "{45187526-A603-44C9-AE6B-8710A9D52A0E}"
EndProject
Project("{FAE04EC0-301F-11D3-BF4B-00C04F79EFBC}") = "Lesson_1_2", "Lesson_1_2\Lesson_1_2.csproj", "{B1BF1196-7BF5-4361-8689-0BFC04775FB8}"
EndProject
Project("{FAE04EC0-301F-11D3-BF4B-00C04F79EFBC}") = "Lesson_1_3", "Lesson_1_3\Lesson_1_3.csproj", "{B6F9A01A-6A54-4B5B-A44C-37A57601E2FB}"
EndProject
Project("{FAE04EC0-301F-11D3-BF4B-00C04F79EFBC}") = "UnitTest_Lesson_1_1", "UnitTest_Lesson_1_1\UnitTest_Lesson_1_1.csproj", "{F37EBD04-7ED7-4B8F-BEF2-7E9CA8AD3E2D}"
EndProject
Project("{FAE04EC0-301F-11D3-BF4B-00C04F79EFBC}") = "UnitTest_Lesson_1_3", "UnitTest_Lesson_1_3\UnitTest_Lesson_1_3.csproj", "{BFEF255C-4342-41DE-A96A-63B4294F1C26}"
EndProject
Project("{2150E333-8FDC-42A3-9474-1A3956D46DE8}") = "Lesson_2", "Lesson_2", "{A19A1DB8-FD0F-46F1-B891-F3C0B0EC6520}"
EndProject
Project("{FAE04EC0-301F-11D3-BF4B-00C04F79EFBC}") = "Lesson_2_1", "Lesson_2_1\Lesson_2_1.csproj", "{285A284C-229C-44F3-9FD1-E10FC1400092}"
EndProject
Project("{FAE04EC0-301F-11D3-BF4B-00C04F79EFBC}") = "Lesson_2_2", "Lesson_2_2\Lesson_2_2.csproj", "{C5046D65-168A-4C4B-9A31-0E5B61549D37}"
EndProject
Project("{FAE04EC0-301F-11D3-BF4B-00C04F79EFBC}") = "UnitTest_Lesson_2_1", "UnitTest_Lesson_2_1\UnitTest_Lesson_2_1.csproj", "{62534ECD-F322-4043-95A3-CB6587006CC3}"
EndProject
Project("{FAE04EC0-301F-11D3-BF4B-00C04F79EFBC}") = "UnitTest_Lesson_2_2", "UnitTest_Lesson_2_2\UnitTest_Lesson_2_2.csproj", "{4D5C169A-8AE6-43C3-B411-97813A4D0398}"
EndProject
Project("{2150E333-8FDC-42A3-9474-1A3956D46DE8}") = "Lesson_3", "Lesson_3", "{A6E61034-C567-4AB3-8F7D-1D39C6491AA1}"
EndProject
Project("{FAE04EC0-301F-11D3-BF4B-00C04F79EFBC}") = "Lesson_3_1", "Lesson_3_1\Lesson_3_1.csproj", "{CFAA3656-78A0-4CBD-8D3C-72584F9DCE35}"
EndProject
Project("{2150E333-8FDC-42A3-9474-1A3956D46DE8}") = "Lesson_7", "Lesson_7", "{BF33FCE3-226A-4470-A5AB-3406D791D50D}"
EndProject
Project("{FAE04EC0-301F-11D3-BF4B-00C04F79EFBC}") = "Lesson_7_1", "Lesson_7_1\Lesson_7_1.csproj", "{0C874B41-25A9-4379-A073-8AF1C03AEB21}"
EndProject
Project("{FAE04EC0-301F-11D3-BF4B-00C04F79EFBC}") = "UnitTest_Lesson_7_1", "UnitTest_Lesson_7_1\UnitTest_Lesson_7_1.csproj", "{9EC6EE39-7628-4045-B703-15F2B058447F}"
EndProject
Global
	GlobalSection(SolutionConfigurationPlatforms) = preSolution
		Debug|Any CPU = Debug|Any CPU
		Release|Any CPU = Release|Any CPU
	EndGlobalSection
	GlobalSection(NestedProjects) = preSolution
		{45187526-A603-44C9-AE6B-8710A9D52A0E} = {4CB23DF2-CBB8-40B6-87EA-57899D2376D6}
		{B1BF1196-7BF5-4361-8689-0BFC04775FB8} = {4CB23DF2-CBB8-40B6-87EA-57899D2376D6}
		{B6F9A01A-6A54-4B5B-A44C-37A57601E2FB} = {4CB23DF2-CBB8-40B6-87EA-57899D2376D6}
		{F37EBD04-7ED7-4B8F-BEF2-7E9CA8AD3E2D} = {4CB23DF2-CBB8-40B6-87EA-57899D2376D6}
		{BFEF255C-4342-41DE-A96A-63B4294F1C26} = {4CB23DF2-CBB8-40B6-87EA-57899D2376D6}
		{285A284C-229C-44F3-9FD1-E10FC1400092} = {A19A1DB8-FD0F-46F1-B891-F3C0B0EC6520}
		{C5046D65-168A-4C4B-9A31-0E5B61549D37} = {A19A1DB8-FD0F-46F1-B891-F3C0B0EC6520}
		{62534ECD-F322-4043-95A3-CB6587006CC3} = {A19A1DB8-FD0F-46F1-B891-F3C0B0EC6520}
		{4D5C169A-8AE6-43C3-B411-97813A4D0398} = {A19A1DB8-FD0F-46F1-B891-F3C0B0EC6520}
		{CFAA3656-78A0-4CBD-8D3C-72584F9DCE35} = {A6E61034-C567-4AB3-8F7D-1D39C6491AA1}
		{0C874B41-25A9-4379-A073-8AF1C03AEB21} = {BF33FCE3-226A-4470-A5AB-3406D791D50D}
		{9EC6EE39-7628-4045-B703-15F2B058447F} = {BF33FCE3-226A-4470-A5AB-3406D791D50D}
	EndGlobalSection
	GlobalSection(ProjectConfigurationPlatforms) = postSolution
		{45187526-A603-44C9-AE6B-8710A9D52A0E}.Debug|Any CPU.ActiveCfg = Debug|Any CPU
		{45187526-A603-44C9-AE6B-8710A9D52A0E}.Debug|Any CPU.Build.0 = Debug|Any CPU
		{45187526-A603-44C9-AE6B-8710A9D52A0E}.Release|Any CPU.ActiveCfg = Release|Any CPU
		{45187526-A603-44C9-AE6B-8710A9D52A0E}.Release|Any CPU.Build.0 = Release|Any CPU
		{B1BF1196-7BF5-4361-8689-0BFC04775FB8}.Debug|Any CPU.ActiveCfg = Debug|Any CPU
		{B1BF1196-7BF5-4361-8689-0BFC04775FB8}.Debug|Any CPU.Build.0 = Debug|Any CPU
		{B1BF1196-7BF5-4361-8689-0BFC04775FB8}.Release|Any CPU.ActiveCfg = Release|Any CPU
		{B1BF1196-7BF5-4361-8689-0BFC04775FB8}.Release|Any CPU.Build.0 = Release|Any CPU
		{B6F9A01A-6A54-4B5B-A44C-37A57601E2FB}.Debug|Any CPU.ActiveCfg = Debug|Any CPU
		{B6F9A01A-6A54-4B5B-A44C-37A57601E2FB}.Debug|Any CPU.Build.0 = Debug|Any CPU
		{B6F9A01A-6A54-4B5B-A44C-37A57601E2FB}.Release|Any CPU.ActiveCfg = Release|Any CPU
		{B6F9A01A-6A54-4B5B-A44C-37A57601E2FB}.Release|Any CPU.Build.0 = Release|Any CPU
		{F37EBD04-7ED7-4B8F-BEF2-7E9CA8AD3E2D}.Debug|Any CPU.ActiveCfg = Debug|Any CPU
		{F37EBD04-7ED7-4B8F-BEF2-7E9CA8AD3E2D}.Debug|Any CPU.Build.0 = Debug|Any CPU
		{F37EBD04-7ED7-4B8F-BEF2-7E9CA8AD3E2D}.Release|Any CPU.ActiveCfg = Release|Any CPU
		{F37EBD04-7ED7-4B8F-BEF2-7E9CA8AD3E2D}.Release|Any CPU.Build.0 = Release|Any CPU
		{BFEF255C-4342-41DE-A96A-63B4294F1C26}.Debug|Any CPU.ActiveCfg = Debug|Any CPU
		{BFEF255C-4342-41DE-A96A-63B4294F1C26}.Debug|Any CPU.Build.0 = Debug|Any CPU
		{BFEF255C-4342-41DE-A96A-63B4294F1C26}.Release|Any CPU.ActiveCfg = Release|Any CPU
		{BFEF255C-4342-41DE-A96A-63B4294F1C26}.Release|Any CPU.Build.0 = Release|Any CPU
		{285A284C-229C-44F3-9FD1-E10FC1400092}.Debug|Any CPU.ActiveCfg = Debug|Any CPU
		{285A284C-229C-44F3-9FD1-E10FC1400092}.Debug|Any CPU.Build.0 = Debug|Any CPU
		{285A284C-229C-44F3-9FD1-E10FC1400092}.Release|Any CPU.ActiveCfg = Release|Any CPU
		{285A284C-229C-44F3-9FD1-E10FC1400092}.Release|Any CPU.Build.0 = Release|Any CPU
		{C5046D65-168A-4C4B-9A31-0E5B61549D37}.Debug|Any CPU.ActiveCfg = Debug|Any CPU
		{C5046D65-168A-4C4B-9A31-0E5B61549D37}.Debug|Any CPU.Build.0 = Debug|Any CPU
		{C5046D65-168A-4C4B-9A31-0E5B61549D37}.Release|Any CPU.ActiveCfg = Release|Any CPU
		{C5046D65-168A-4C4B-9A31-0E5B61549D37}.Release|Any CPU.Build.0 = Release|Any CPU
		{62534ECD-F322-4043-95A3-CB6587006CC3}.Debug|Any CPU.ActiveCfg = Debug|Any CPU
		{62534ECD-F322-4043-95A3-CB6587006CC3}.Debug|Any CPU.Build.0 = Debug|Any CPU
		{62534ECD-F322-4043-95A3-CB6587006CC3}.Release|Any CPU.ActiveCfg = Release|Any CPU
		{62534ECD-F322-4043-95A3-CB6587006CC3}.Release|Any CPU.Build.0 = Release|Any CPU
		{4D5C169A-8AE6-43C3-B411-97813A4D0398}.Debug|Any CPU.ActiveCfg = Debug|Any CPU
		{4D5C169A-8AE6-43C3-B411-97813A4D0398}.Debug|Any CPU.Build.0 = Debug|Any CPU
		{4D5C169A-8AE6-43C3-B411-97813A4D0398}.Release|Any CPU.ActiveCfg = Release|Any CPU
		{4D5C169A-8AE6-43C3-B411-97813A4D0398}.Release|Any CPU.Build.0 = Release|Any CPU
		{CFAA3656-78A0-4CBD-8D3C-72584F9DCE35}.Debug|Any CPU.ActiveCfg = Debug|Any CPU
		{CFAA3656-78A0-4CBD-8D3C-72584F9DCE35}.Debug|Any CPU.Build.0 = Debug|Any CPU
		{CFAA3656-78A0-4CBD-8D3C-72584F9DCE35}.Release|Any CPU.ActiveCfg = Release|Any CPU
		{CFAA3656-78A0-4CBD-8D3C-72584F9DCE35}.Release|Any CPU.Build.0 = Release|Any CPU
		{0C874B41-25A9-4379-A073-8AF1C03AEB21}.Debug|Any CPU.ActiveCfg = Debug|Any CPU
		{0C874B41-25A9-4379-A073-8AF1C03AEB21}.Debug|Any CPU.Build.0 = Debug|Any CPU
		{0C874B41-25A9-4379-A073-8AF1C03AEB21}.Release|Any CPU.ActiveCfg = Release|Any CPU
		{0C874B41-25A9-4379-A073-8AF1C03AEB21}.Release|Any CPU.Build.0 = Release|Any CPU
		{9EC6EE39-7628-4045-B703-15F2B058447F}.Debug|Any CPU.ActiveCfg = Debug|Any CPU
		{9EC6EE39-7628-4045-B703-15F2B058447F}.Debug|Any CPU.Build.0 = Debug|Any CPU
		{9EC6EE39-7628-4045-B703-15F2B058447F}.Release|Any CPU.ActiveCfg = Release|Any CPU
		{9EC6EE39-7628-4045-B703-15F2B058447F}.Release|Any CPU.Build.0 = Release|Any CPU
	EndGlobalSection
EndGlobal
