
Microsoft Visual Studio Solution File, Format Version 12.00
Project("{2150E333-8FDC-42A3-9474-1A3956D46DE8}") = "Lesson_1", "Lesson_1", "{4CB23DF2-CBB8-40B6-87EA-57899D2376D6}"
EndProject
Project("{FAE04EC0-301F-11D3-BF4B-00C04F79EFBC}") = "Lesson_1_1", "Lesson_1_1\Lesson_1_1.csproj", "{45187526-A603-44C9-AE6B-8710A9D52A0E}"
EndProject
Project("{FAE04EC0-301F-11D3-BF4B-00C04F79EFBC}") = "Lesson_1_2", "Lesson_1_2\Lesson_1_2.csproj", "{B1BF1196-7BF5-4361-8689-0BFC04775FB8}"
EndProject
Project("{FAE04EC0-301F-11D3-BF4B-00C04F79EFBC}") = "Lesson_1_3", "Lesson_1_3\Lesson_1_3.csproj", "{B6F9A01A-6A54-4B5B-A44C-37A57601E2FB}"
EndProject
Project("{FAE04EC0-301F-11D3-BF4B-00C04F79EFBC}") = "UnitTest_Lesson_1_1", "UnitTest_Lesson_1_1\UnitTest_Lesson_1_1.csproj", "{F37EBD04-7ED7-4B8F-BEF2-7E9CA8AD3E2D}"
EndProject
Project("{FAE04EC0-301F-11D3-BF4B-00C04F79EFBC}") = "UnitTest_Lesson_1_3", "UnitTest_Lesson_1_3\UnitTest_Lesson_1_3.csproj", "{BFEF255C-4342-41DE-A96A-63B4294F1C26}"
EndProject
Project("{2150E333-8FDC-42A3-9474-1A3956D46DE8}") = "Lesson_2", "Lesson_2", "{A19A1DB8-FD0F-46F1-B891-F3C0B0EC6520}"
EndProject
Project("{FAE04EC0-301F-11D3-BF4B-00C04F79EFBC}") = "Lesson_2_1", "Lesson_2_1\Lesson_2_1.csproj", "{285A284C-229C-44F3-9FD1-E10FC1400092}"
EndProject
Project("{FAE04EC0-301F-11D3-BF4B-00C04F79EFBC}") = "Lesson_2_2", "Lesson_2_2\Lesson_2_2.csproj", "{C5046D65-168A-4C4B-9A31-0E5B61549D37}"
EndProject
Project("{FAE04EC0-301F-11D3-BF4B-00C04F79EFBC}") = "UnitTest_Lesson_2_1", "UnitTest_Lesson_2_1\UnitTest_Lesson_2_1.csproj", "{62534ECD-F322-4043-95A3-CB6587006CC3}"
EndProject
Project("{FAE04EC0-301F-11D3-BF4B-00C04F79EFBC}") = "UnitTest_Lesson_2_2", "UnitTest_Lesson_2_2\UnitTest_Lesson_2_2.csproj", "{4D5C169A-8AE6-43C3-B411-97813A4D0398}"
EndProject
Project("{2150E333-8FDC-42A3-9474-1A3956D46DE8}") = "Lesson_4", "Lesson_4", "{6C0D6744-B151-446F-92D3-C8619B442A05}"
EndProject
Project("{FAE04EC0-301F-11D3-BF4B-00C04F79EFBC}") = "Lesson_4_1", "Lesson_4_1\Lesson_4_1.csproj", "{C69243D7-851E-479F-8BB2-8F8A77508232}"
EndProject
Project("{FAE04EC0-301F-11D3-BF4B-00C04F79EFBC}") = "Lesson_4_2", "Lesson_4_2\Lesson_4_2.csproj", "{1EFF0FAE-1F97-4A2B-B0D2-3A2843844355}"
EndProject
Project("{FAE04EC0-301F-11D3-BF4B-00C04F79EFBC}") = "UnitTest_Lesson_4_2", "UnitTest_Lesson_4_2\UnitTest_Lesson_4_2.csproj", "{0DE9678B-9A2C-4923-B7FD-E3638F1BE6F4}"
EndProject
Global
	GlobalSection(SolutionConfigurationPlatforms) = preSolution
		Debug|Any CPU = Debug|Any CPU
		Release|Any CPU = Release|Any CPU
	EndGlobalSection
	GlobalSection(NestedProjects) = preSolution
		{45187526-A603-44C9-AE6B-8710A9D52A0E} = {4CB23DF2-CBB8-40B6-87EA-57899D2376D6}
		{B1BF1196-7BF5-4361-8689-0BFC04775FB8} = {4CB23DF2-CBB8-40B6-87EA-57899D2376D6}
		{B6F9A01A-6A54-4B5B-A44C-37A57601E2FB} = {4CB23DF2-CBB8-40B6-87EA-57899D2376D6}
		{F37EBD04-7ED7-4B8F-BEF2-7E9CA8AD3E2D} = {4CB23DF2-CBB8-40B6-87EA-57899D2376D6}
		{BFEF255C-4342-41DE-A96A-63B4294F1C26} = {4CB23DF2-CBB8-40B6-87EA-57899D2376D6}
		{285A284C-229C-44F3-9FD1-E10FC1400092} = {A19A1DB8-FD0F-46F1-B891-F3C0B0EC6520}
		{C5046D65-168A-4C4B-9A31-0E5B61549D37} = {A19A1DB8-FD0F-46F1-B891-F3C0B0EC6520}
		{62534ECD-F322-4043-95A3-CB6587006CC3} = {A19A1DB8-FD0F-46F1-B891-F3C0B0EC6520}
		{4D5C169A-8AE6-43C3-B411-97813A4D0398} = {A19A1DB8-FD0F-46F1-B891-F3C0B0EC6520}
		{C69243D7-851E-479F-8BB2-8F8A77508232} = {6C0D6744-B151-446F-92D3-C8619B442A05}
		{1EFF0FAE-1F97-4A2B-B0D2-3A2843844355} = {6C0D6744-B151-446F-92D3-C8619B442A05}
		{0DE9678B-9A2C-4923-B7FD-E3638F1BE6F4} = {6C0D6744-B151-446F-92D3-C8619B442A05}
	EndGlobalSection
	GlobalSection(ProjectConfigurationPlatforms) = postSolution
		{45187526-A603-44C9-AE6B-8710A9D52A0E}.Debug|Any CPU.ActiveCfg = Debug|Any CPU
		{45187526-A603-44C9-AE6B-8710A9D52A0E}.Debug|Any CPU.Build.0 = Debug|Any CPU
		{45187526-A603-44C9-AE6B-8710A9D52A0E}.Release|Any CPU.ActiveCfg = Release|Any CPU
		{45187526-A603-44C9-AE6B-8710A9D52A0E}.Release|Any CPU.Build.0 = Release|Any CPU
		{B1BF1196-7BF5-4361-8689-0BFC04775FB8}.Debug|Any CPU.ActiveCfg = Debug|Any CPU
		{B1BF1196-7BF5-4361-8689-0BFC04775FB8}.Debug|Any CPU.Build.0 = Debug|Any CPU
		{B1BF1196-7BF5-4361-8689-0BFC04775FB8}.Release|Any CPU.ActiveCfg = Release|Any CPU
		{B1BF1196-7BF5-4361-8689-0BFC04775FB8}.Release|Any CPU.Build.0 = Release|Any CPU
		{B6F9A01A-6A54-4B5B-A44C-37A57601E2FB}.Debug|Any CPU.ActiveCfg = Debug|Any CPU
		{B6F9A01A-6A54-4B5B-A44C-37A57601E2FB}.Debug|Any CPU.Build.0 = Debug|Any CPU
		{B6F9A01A-6A54-4B5B-A44C-37A57601E2FB}.Release|Any CPU.ActiveCfg = Release|Any CPU
		{B6F9A01A-6A54-4B5B-A44C-37A57601E2FB}.Release|Any CPU.Build.0 = Release|Any CPU
		{F37EBD04-7ED7-4B8F-BEF2-7E9CA8AD3E2D}.Debug|Any CPU.ActiveCfg = Debug|Any CPU
		{F37EBD04-7ED7-4B8F-BEF2-7E9CA8AD3E2D}.Debug|Any CPU.Build.0 = Debug|Any CPU
		{F37EBD04-7ED7-4B8F-BEF2-7E9CA8AD3E2D}.Release|Any CPU.ActiveCfg = Release|Any CPU
		{F37EBD04-7ED7-4B8F-BEF2-7E9CA8AD3E2D}.Release|Any CPU.Build.0 = Release|Any CPU
		{BFEF255C-4342-41DE-A96A-63B4294F1C26}.Debug|Any CPU.ActiveCfg = Debug|Any CPU
		{BFEF255C-4342-41DE-A96A-63B4294F1C26}.Debug|Any CPU.Build.0 = Debug|Any CPU
		{BFEF255C-4342-41DE-A96A-63B4294F1C26}.Release|Any CPU.ActiveCfg = Release|Any CPU
		{BFEF255C-4342-41DE-A96A-63B4294F1C26}.Release|Any CPU.Build.0 = Release|Any CPU
		{285A284C-229C-44F3-9FD1-E10FC1400092}.Debug|Any CPU.ActiveCfg = Debug|Any CPU
		{285A284C-229C-44F3-9FD1-E10FC1400092}.Debug|Any CPU.Build.0 = Debug|Any CPU
		{285A284C-229C-44F3-9FD1-E10FC1400092}.Release|Any CPU.ActiveCfg = Release|Any CPU
		{285A284C-229C-44F3-9FD1-E10FC1400092}.Release|Any CPU.Build.0 = Release|Any CPU
		{C5046D65-168A-4C4B-9A31-0E5B61549D37}.Debug|Any CPU.ActiveCfg = Debug|Any CPU
		{C5046D65-168A-4C4B-9A31-0E5B61549D37}.Debug|Any CPU.Build.0 = Debug|Any CPU
		{C5046D65-168A-4C4B-9A31-0E5B61549D37}.Release|Any CPU.ActiveCfg = Release|Any CPU
		{C5046D65-168A-4C4B-9A31-0E5B61549D37}.Release|Any CPU.Build.0 = Release|Any CPU
		{62534ECD-F322-4043-95A3-CB6587006CC3}.Debug|Any CPU.ActiveCfg = Debug|Any CPU
		{62534ECD-F322-4043-95A3-CB6587006CC3}.Debug|Any CPU.Build.0 = Debug|Any CPU
		{62534ECD-F322-4043-95A3-CB6587006CC3}.Release|Any CPU.ActiveCfg = Release|Any CPU
		{62534ECD-F322-4043-95A3-CB6587006CC3}.Release|Any CPU.Build.0 = Release|Any CPU
		{4D5C169A-8AE6-43C3-B411-97813A4D0398}.Debug|Any CPU.ActiveCfg = Debug|Any CPU
		{4D5C169A-8AE6-43C3-B411-97813A4D0398}.Debug|Any CPU.Build.0 = Debug|Any CPU
		{4D5C169A-8AE6-43C3-B411-97813A4D0398}.Release|Any CPU.ActiveCfg = Release|Any CPU
		{4D5C169A-8AE6-43C3-B411-97813A4D0398}.Release|Any CPU.Build.0 = Release|Any CPU
		{C69243D7-851E-479F-8BB2-8F8A77508232}.Debug|Any CPU.ActiveCfg = Debug|Any CPU
		{C69243D7-851E-479F-8BB2-8F8A77508232}.Debug|Any CPU.Build.0 = Debug|Any CPU
		{C69243D7-851E-479F-8BB2-8F8A77508232}.Release|Any CPU.ActiveCfg = Release|Any CPU
		{C69243D7-851E-479F-8BB2-8F8A77508232}.Release|Any CPU.Build.0 = Release|Any CPU
		{1EFF0FAE-1F97-4A2B-B0D2-3A2843844355}.Debug|Any CPU.ActiveCfg = Debug|Any CPU
		{1EFF0FAE-1F97-4A2B-B0D2-3A2843844355}.Debug|Any CPU.Build.0 = Debug|Any CPU
		{1EFF0FAE-1F97-4A2B-B0D2-3A2843844355}.Release|Any CPU.ActiveCfg = Release|Any CPU
		{1EFF0FAE-1F97-4A2B-B0D2-3A2843844355}.Release|Any CPU.Build.0 = Release|Any CPU
		{0DE9678B-9A2C-4923-B7FD-E3638F1BE6F4}.Debug|Any CPU.ActiveCfg = Debug|Any CPU
		{0DE9678B-9A2C-4923-B7FD-E3638F1BE6F4}.Debug|Any CPU.Build.0 = Debug|Any CPU
		{0DE9678B-9A2C-4923-B7FD-E3638F1BE6F4}.Release|Any CPU.ActiveCfg = Release|Any CPU
		{0DE9678B-9A2C-4923-B7FD-E3638F1BE6F4}.Release|Any CPU.Build.0 = Release|Any CPU
	EndGlobalSection
EndGlobal
