
Microsoft Visual Studio Solution File, Format Version 12.00
Project("{2150E333-8FDC-42A3-9474-1A3956D46DE8}") = "Lesson_1", "Lesson_1", "{4CB23DF2-CBB8-40B6-87EA-57899D2376D6}"
EndProject
Project("{FAE04EC0-301F-11D3-BF4B-00C04F79EFBC}") = "Lesson_1_1", "Lesson_1_1\Lesson_1_1.csproj", "{45187526-A603-44C9-AE6B-8710A9D52A0E}"
EndProject
Project("{FAE04EC0-301F-11D3-BF4B-00C04F79EFBC}") = "Lesson_1_2", "Lesson_1_2\Lesson_1_2.csproj", "{B1BF1196-7BF5-4361-8689-0BFC04775FB8}"
EndProject
Project("{FAE04EC0-301F-11D3-BF4B-00C04F79EFBC}") = "Lesson_1_3", "Lesson_1_3\Lesson_1_3.csproj", "{B6F9A01A-6A54-4B5B-A44C-37A57601E2FB}"
EndProject
Project("{FAE04EC0-301F-11D3-BF4B-00C04F79EFBC}") = "UnitTest_Lesson_1_1", "UnitTest_Lesson_1_1\UnitTest_Lesson_1_1.csproj", "{F37EBD04-7ED7-4B8F-BEF2-7E9CA8AD3E2D}"
EndProject
Project("{FAE04EC0-301F-11D3-BF4B-00C04F79EFBC}") = "UnitTest_Lesson_1_3", "UnitTest_Lesson_1_3\UnitTest_Lesson_1_3.csproj", "{BFEF255C-4342-41DE-A96A-63B4294F1C26}"
EndProject
Global
	GlobalSection(SolutionConfigurationPlatforms) = preSolution
		Debug|Any CPU = Debug|Any CPU
		Release|Any CPU = Release|Any CPU
	EndGlobalSection
	GlobalSection(NestedProjects) = preSolution
		{45187526-A603-44C9-AE6B-8710A9D52A0E} = {4CB23DF2-CBB8-40B6-87EA-57899D2376D6}
		{B1BF1196-7BF5-4361-8689-0BFC04775FB8} = {4CB23DF2-CBB8-40B6-87EA-57899D2376D6}
		{B6F9A01A-6A54-4B5B-A44C-37A57601E2FB} = {4CB23DF2-CBB8-40B6-87EA-57899D2376D6}
		{F37EBD04-7ED7-4B8F-BEF2-7E9CA8AD3E2D} = {4CB23DF2-CBB8-40B6-87EA-57899D2376D6}
		{BFEF255C-4342-41DE-A96A-63B4294F1C26} = {4CB23DF2-CBB8-40B6-87EA-57899D2376D6}
	EndGlobalSection
	GlobalSection(ProjectConfigurationPlatforms) = postSolution
		{45187526-A603-44C9-AE6B-8710A9D52A0E}.Debug|Any CPU.ActiveCfg = Debug|Any CPU
		{45187526-A603-44C9-AE6B-8710A9D52A0E}.Debug|Any CPU.Build.0 = Debug|Any CPU
		{45187526-A603-44C9-AE6B-8710A9D52A0E}.Release|Any CPU.ActiveCfg = Release|Any CPU
		{45187526-A603-44C9-AE6B-8710A9D52A0E}.Release|Any CPU.Build.0 = Release|Any CPU
		{B1BF1196-7BF5-4361-8689-0BFC04775FB8}.Debug|Any CPU.ActiveCfg = Debug|Any CPU
		{B1BF1196-7BF5-4361-8689-0BFC04775FB8}.Debug|Any CPU.Build.0 = Debug|Any CPU
		{B1BF1196-7BF5-4361-8689-0BFC04775FB8}.Release|Any CPU.ActiveCfg = Release|Any CPU
		{B1BF1196-7BF5-4361-8689-0BFC04775FB8}.Release|Any CPU.Build.0 = Release|Any CPU
		{B6F9A01A-6A54-4B5B-A44C-37A57601E2FB}.Debug|Any CPU.ActiveCfg = Debug|Any CPU
		{B6F9A01A-6A54-4B5B-A44C-37A57601E2FB}.Debug|Any CPU.Build.0 = Debug|Any CPU
		{B6F9A01A-6A54-4B5B-A44C-37A57601E2FB}.Release|Any CPU.ActiveCfg = Release|Any CPU
		{B6F9A01A-6A54-4B5B-A44C-37A57601E2FB}.Release|Any CPU.Build.0 = Release|Any CPU
		{F37EBD04-7ED7-4B8F-BEF2-7E9CA8AD3E2D}.Debug|Any CPU.ActiveCfg = Debug|Any CPU
		{F37EBD04-7ED7-4B8F-BEF2-7E9CA8AD3E2D}.Debug|Any CPU.Build.0 = Debug|Any CPU
		{F37EBD04-7ED7-4B8F-BEF2-7E9CA8AD3E2D}.Release|Any CPU.ActiveCfg = Release|Any CPU
		{F37EBD04-7ED7-4B8F-BEF2-7E9CA8AD3E2D}.Release|Any CPU.Build.0 = Release|Any CPU
		{BFEF255C-4342-41DE-A96A-63B4294F1C26}.Debug|Any CPU.ActiveCfg = Debug|Any CPU
		{BFEF255C-4342-41DE-A96A-63B4294F1C26}.Debug|Any CPU.Build.0 = Debug|Any CPU
		{BFEF255C-4342-41DE-A96A-63B4294F1C26}.Release|Any CPU.ActiveCfg = Release|Any CPU
		{BFEF255C-4342-41DE-A96A-63B4294F1C26}.Release|Any CPU.Build.0 = Release|Any CPU
	EndGlobalSection
EndGlobal
